
Microsoft Visual Studio Solution File, Format Version 12.00
Project("{FAE04EC0-301F-11D3-BF4B-00C04F79EFBC}") = "Elementalist", "Elementalist.csproj", "{5575C2E6-8C2C-43D1-BC96-AEDD1D6D114E}"
EndProject
Global
	GlobalSection(SolutionConfigurationPlatforms) = preSolution
		Debug|Any CPU = Debug|Any CPU
		ExportDebug|Any CPU = ExportDebug|Any CPU
		ExportRelease|Any CPU = ExportRelease|Any CPU
	EndGlobalSection
	GlobalSection(ProjectConfigurationPlatforms) = postSolution
		{5575C2E6-8C2C-43D1-BC96-AEDD1D6D114E}.Debug|Any CPU.ActiveCfg = Debug|Any CPU
		{5575C2E6-8C2C-43D1-BC96-AEDD1D6D114E}.Debug|Any CPU.Build.0 = Debug|Any CPU
		{5575C2E6-8C2C-43D1-BC96-AEDD1D6D114E}.ExportDebug|Any CPU.ActiveCfg = ExportDebug|Any CPU
		{5575C2E6-8C2C-43D1-BC96-AEDD1D6D114E}.ExportDebug|Any CPU.Build.0 = ExportDebug|Any CPU
		{5575C2E6-8C2C-43D1-BC96-AEDD1D6D114E}.ExportRelease|Any CPU.ActiveCfg = ExportRelease|Any CPU
		{5575C2E6-8C2C-43D1-BC96-AEDD1D6D114E}.ExportRelease|Any CPU.Build.0 = ExportRelease|Any CPU
	EndGlobalSection
EndGlobal
